
Microsoft Visual Studio Solution File, Format Version 12.00
# Visual Studio 2012
Project("{FAE04EC0-301F-11D3-BF4B-00C04F79EFBC}") = "comicalDotNet", "comicalDotNet\comicalDotNet.csproj", "{F5055238-1D5D-4C79-A790-664375A64689}"
EndProject
Project("{2150E333-8FDC-42A3-9474-1A3956D46DE8}") = "Solution Items", "Solution Items", "{6618D998-94F1-48B5-963B-47A6EB0DC1EB}"
EndProject
Global
	GlobalSection(SolutionConfigurationPlatforms) = preSolution
		Debug|Any CPU = Debug|Any CPU
		Release|Any CPU = Release|Any CPU
	EndGlobalSection
	GlobalSection(ProjectConfigurationPlatforms) = postSolution
		{F5055238-1D5D-4C79-A790-664375A64689}.Debug|Any CPU.ActiveCfg = Debug|Any CPU
		{F5055238-1D5D-4C79-A790-664375A64689}.Debug|Any CPU.Build.0 = Debug|Any CPU
		{F5055238-1D5D-4C79-A790-664375A64689}.Release|Any CPU.ActiveCfg = Release|Any CPU
		{F5055238-1D5D-4C79-A790-664375A64689}.Release|Any CPU.Build.0 = Release|Any CPU
	EndGlobalSection
	GlobalSection(SolutionProperties) = preSolution
		HideSolutionNode = FALSE
	EndGlobalSection
EndGlobal
